// !$*UTF8*$!
{
	archiveVersion = 1;
	classes = {
	};
	objectVersion = 46;
	objects = {

/* Begin PBXBuildFile section */
		872BC2AF18DE149F0034A3FA /* Foundation.framework in Frameworks */ = {isa = PBXBuildFile; fileRef = 872BC2AE18DE149F0034A3FA /* Foundation.framework */; };
		872BC2B118DE149F0034A3FA /* CoreGraphics.framework in Frameworks */ = {isa = PBXBuildFile; fileRef = 872BC2B018DE149F0034A3FA /* CoreGraphics.framework */; };
		872BC2B318DE149F0034A3FA /* UIKit.framework in Frameworks */ = {isa = PBXBuildFile; fileRef = 872BC2B218DE149F0034A3FA /* UIKit.framework */; };
		872BC2B918DE149F0034A3FA /* InfoPlist.strings in Resources */ = {isa = PBXBuildFile; fileRef = 872BC2B718DE149F0034A3FA /* InfoPlist.strings */; };
		872BC2BB18DE149F0034A3FA /* main.m in Sources */ = {isa = PBXBuildFile; fileRef = 872BC2BA18DE149F0034A3FA /* main.m */; };
		872BC2BF18DE149F0034A3FA /* AppDelegate.m in Sources */ = {isa = PBXBuildFile; fileRef = 872BC2BE18DE149F0034A3FA /* AppDelegate.m */; };
		872BC2C218DE149F0034A3FA /* Main.storyboard in Resources */ = {isa = PBXBuildFile; fileRef = 872BC2C018DE149F0034A3FA /* Main.storyboard */; };
		872BC2C518DE149F0034A3FA /* ViewController.m in Sources */ = {isa = PBXBuildFile; fileRef = 872BC2C418DE149F0034A3FA /* ViewController.m */; };
		872BC2C718DE149F0034A3FA /* Images.xcassets in Resources */ = {isa = PBXBuildFile; fileRef = 872BC2C618DE149F0034A3FA /* Images.xcassets */; };
		872BC2CE18DE149F0034A3FA /* XCTest.framework in Frameworks */ = {isa = PBXBuildFile; fileRef = 872BC2CD18DE149F0034A3FA /* XCTest.framework */; };
		872BC2CF18DE149F0034A3FA /* Foundation.framework in Frameworks */ = {isa = PBXBuildFile; fileRef = 872BC2AE18DE149F0034A3FA /* Foundation.framework */; };
		872BC2D018DE149F0034A3FA /* UIKit.framework in Frameworks */ = {isa = PBXBuildFile; fileRef = 872BC2B218DE149F0034A3FA /* UIKit.framework */; };
		872BC2D818DE149F0034A3FA /* InfoPlist.strings in Resources */ = {isa = PBXBuildFile; fileRef = 872BC2D618DE149F0034A3FA /* InfoPlist.strings */; };
		872BC2DA18DE149F0034A3FA /* SimpleColorPickerExampleTests.m in Sources */ = {isa = PBXBuildFile; fileRef = 872BC2D918DE149F0034A3FA /* SimpleColorPickerExampleTests.m */; };
		87B9C27818DE2DFA00018027 /* IDPColorChangeTransition.m in Sources */ = {isa = PBXBuildFile; fileRef = 87B9C27518DE2DFA00018027 /* IDPColorChangeTransition.m */; };
		87B9C27918DE2DFA00018027 /* IDPSimpleColorPaletteCell.m in Sources */ = {isa = PBXBuildFile; fileRef = 87B9C27618DE2DFA00018027 /* IDPSimpleColorPaletteCell.m */; };
		87B9C27A18DE2DFA00018027 /* IDPSimpleColorPaletteController.m in Sources */ = {isa = PBXBuildFile; fileRef = 87B9C27718DE2DFA00018027 /* IDPSimpleColorPaletteController.m */; };
		87F9604D18DE175D001C640A /* nes.plist in Resources */ = {isa = PBXBuildFile; fileRef = 87F9604B18DE175D001C640A /* nes.plist */; };
		87F9604E18DE175D001C640A /* websafecolor216.plist in Resources */ = {isa = PBXBuildFile; fileRef = 87F9604C18DE175D001C640A /* websafecolor216.plist */; };
/* End PBXBuildFile section */

/* Begin PBXContainerItemProxy section */
		872BC2D118DE149F0034A3FA /* PBXContainerItemProxy */ = {
			isa = PBXContainerItemProxy;
			containerPortal = 872BC2A318DE149F0034A3FA /* Project object */;
			proxyType = 1;
			remoteGlobalIDString = 872BC2AA18DE149F0034A3FA;
			remoteInfo = SimpleColorPickerExample;
		};
/* End PBXContainerItemProxy section */

/* Begin PBXFileReference section */
		872BC2AB18DE149F0034A3FA /* SimpleColorPickerExample.app */ = {isa = PBXFileReference; explicitFileType = wrapper.application; includeInIndex = 0; path = SimpleColorPickerExample.app; sourceTree = BUILT_PRODUCTS_DIR; };
		872BC2AE18DE149F0034A3FA /* Foundation.framework */ = {isa = PBXFileReference; lastKnownFileType = wrapper.framework; name = Foundation.framework; path = System/Library/Frameworks/Foundation.framework; sourceTree = SDKROOT; };
		872BC2B018DE149F0034A3FA /* CoreGraphics.framework */ = {isa = PBXFileReference; lastKnownFileType = wrapper.framework; name = CoreGraphics.framework; path = System/Library/Frameworks/CoreGraphics.framework; sourceTree = SDKROOT; };
		872BC2B218DE149F0034A3FA /* UIKit.framework */ = {isa = PBXFileReference; lastKnownFileType = wrapper.framework; name = UIKit.framework; path = System/Library/Frameworks/UIKit.framework; sourceTree = SDKROOT; };
		872BC2B618DE149F0034A3FA /* SimpleColorPickerExample-Info.plist */ = {isa = PBXFileReference; lastKnownFileType = text.plist.xml; path = "SimpleColorPickerExample-Info.plist"; sourceTree = "<group>"; };
		872BC2B818DE149F0034A3FA /* en */ = {isa = PBXFileReference; lastKnownFileType = text.plist.strings; name = en; path = en.lproj/InfoPlist.strings; sourceTree = "<group>"; };
		872BC2BA18DE149F0034A3FA /* main.m */ = {isa = PBXFileReference; lastKnownFileType = sourcecode.c.objc; path = main.m; sourceTree = "<group>"; };
		872BC2BC18DE149F0034A3FA /* SimpleColorPickerExample-Prefix.pch */ = {isa = PBXFileReference; lastKnownFileType = sourcecode.c.h; path = "SimpleColorPickerExample-Prefix.pch"; sourceTree = "<group>"; };
		872BC2BD18DE149F0034A3FA /* AppDelegate.h */ = {isa = PBXFileReference; lastKnownFileType = sourcecode.c.h; path = AppDelegate.h; sourceTree = "<group>"; };
		872BC2BE18DE149F0034A3FA /* AppDelegate.m */ = {isa = PBXFileReference; lastKnownFileType = sourcecode.c.objc; path = AppDelegate.m; sourceTree = "<group>"; };
		872BC2C118DE149F0034A3FA /* Base */ = {isa = PBXFileReference; lastKnownFileType = file.storyboard; name = Base; path = Base.lproj/Main.storyboard; sourceTree = "<group>"; };
		872BC2C318DE149F0034A3FA /* ViewController.h */ = {isa = PBXFileReference; lastKnownFileType = sourcecode.c.h; path = ViewController.h; sourceTree = "<group>"; };
		872BC2C418DE149F0034A3FA /* ViewController.m */ = {isa = PBXFileReference; lastKnownFileType = sourcecode.c.objc; path = ViewController.m; sourceTree = "<group>"; };
		872BC2C618DE149F0034A3FA /* Images.xcassets */ = {isa = PBXFileReference; lastKnownFileType = folder.assetcatalog; path = Images.xcassets; sourceTree = "<group>"; };
		872BC2CC18DE149F0034A3FA /* SimpleColorPickerExampleTests.xctest */ = {isa = PBXFileReference; explicitFileType = wrapper.cfbundle; includeInIndex = 0; path = SimpleColorPickerExampleTests.xctest; sourceTree = BUILT_PRODUCTS_DIR; };
		872BC2CD18DE149F0034A3FA /* XCTest.framework */ = {isa = PBXFileReference; lastKnownFileType = wrapper.framework; name = XCTest.framework; path = Library/Frameworks/XCTest.framework; sourceTree = DEVELOPER_DIR; };
		872BC2D518DE149F0034A3FA /* SimpleColorPickerExampleTests-Info.plist */ = {isa = PBXFileReference; lastKnownFileType = text.plist.xml; path = "SimpleColorPickerExampleTests-Info.plist"; sourceTree = "<group>"; };
		872BC2D718DE149F0034A3FA /* en */ = {isa = PBXFileReference; lastKnownFileType = text.plist.strings; name = en; path = en.lproj/InfoPlist.strings; sourceTree = "<group>"; };
		872BC2D918DE149F0034A3FA /* SimpleColorPickerExampleTests.m */ = {isa = PBXFileReference; lastKnownFileType = sourcecode.c.objc; path = SimpleColorPickerExampleTests.m; sourceTree = "<group>"; };
		87B9C27518DE2DFA00018027 /* IDPColorChangeTransition.m */ = {isa = PBXFileReference; fileEncoding = 4; lastKnownFileType = sourcecode.c.objc; name = IDPColorChangeTransition.m; path = Lib/IDPColorChangeTransition.m; sourceTree = SOURCE_ROOT; };
		87B9C27618DE2DFA00018027 /* IDPSimpleColorPaletteCell.m */ = {isa = PBXFileReference; fileEncoding = 4; lastKnownFileType = sourcecode.c.objc; name = IDPSimpleColorPaletteCell.m; path = Lib/IDPSimpleColorPaletteCell.m; sourceTree = SOURCE_ROOT; };
		87B9C27718DE2DFA00018027 /* IDPSimpleColorPaletteController.m */ = {isa = PBXFileReference; fileEncoding = 4; lastKnownFileType = sourcecode.c.objc; name = IDPSimpleColorPaletteController.m; path = Lib/IDPSimpleColorPaletteController.m; sourceTree = SOURCE_ROOT; };
		87B9C27B18DE2E0C00018027 /* IDPColorChangeTransition.h */ = {isa = PBXFileReference; fileEncoding = 4; lastKnownFileType = sourcecode.c.h; name = IDPColorChangeTransition.h; path = Lib/IDPColorChangeTransition.h; sourceTree = SOURCE_ROOT; };
		87B9C27C18DE2E0C00018027 /* IDPSimpleColorPaletteCell.h */ = {isa = PBXFileReference; fileEncoding = 4; lastKnownFileType = sourcecode.c.h; name = IDPSimpleColorPaletteCell.h; path = Lib/IDPSimpleColorPaletteCell.h; sourceTree = SOURCE_ROOT; };
		87B9C27D18DE2E0C00018027 /* IDPSimpleColorPaletteController.h */ = {isa = PBXFileReference; fileEncoding = 4; lastKnownFileType = sourcecode.c.h; name = IDPSimpleColorPaletteController.h; path = Lib/IDPSimpleColorPaletteController.h; sourceTree = SOURCE_ROOT; };
		87F9604918DE172C001C640A /* libSimpleColorPicker.a */ = {isa = PBXFileReference; lastKnownFileType = archive.ar; name = libSimpleColorPicker.a; path = "../../Library/Developer/Xcode/DerivedData/SimpleColorPicker-ddqxkxukxjwfgvejtaoammvwdqsk/Build/Products/Debug-iphoneos/libSimpleColorPicker.a"; sourceTree = "<group>"; };
		87F9604B18DE175D001C640A /* nes.plist */ = {isa = PBXFileReference; fileEncoding = 4; lastKnownFileType = text.plist.xml; path = nes.plist; sourceTree = "<group>"; };
		87F9604C18DE175D001C640A /* websafecolor216.plist */ = {isa = PBXFileReference; fileEncoding = 4; lastKnownFileType = text.plist.xml; path = websafecolor216.plist; sourceTree = "<group>"; };
/* End PBXFileReference section */

/* Begin PBXFrameworksBuildPhase section */
		872BC2A818DE149F0034A3FA /* Frameworks */ = {
			isa = PBXFrameworksBuildPhase;
			buildActionMask = 2147483647;
			files = (
				872BC2B118DE149F0034A3FA /* CoreGraphics.framework in Frameworks */,
				872BC2B318DE149F0034A3FA /* UIKit.framework in Frameworks */,
				872BC2AF18DE149F0034A3FA /* Foundation.framework in Frameworks */,
			);
			runOnlyForDeploymentPostprocessing = 0;
		};
		872BC2C918DE149F0034A3FA /* Frameworks */ = {
			isa = PBXFrameworksBuildPhase;
			buildActionMask = 2147483647;
			files = (
				872BC2CE18DE149F0034A3FA /* XCTest.framework in Frameworks */,
				872BC2D018DE149F0034A3FA /* UIKit.framework in Frameworks */,
				872BC2CF18DE149F0034A3FA /* Foundation.framework in Frameworks */,
			);
			runOnlyForDeploymentPostprocessing = 0;
		};
/* End PBXFrameworksBuildPhase section */

/* Begin PBXGroup section */
		872BC2A218DE149F0034A3FA = {
			isa = PBXGroup;
			children = (
				872BC2B418DE149F0034A3FA /* SimpleColorPickerExample */,
				872BC2D318DE149F0034A3FA /* SimpleColorPickerExampleTests */,
				872BC2AD18DE149F0034A3FA /* Frameworks */,
				872BC2AC18DE149F0034A3FA /* Products */,
			);
			sourceTree = "<group>";
		};
		872BC2AC18DE149F0034A3FA /* Products */ = {
			isa = PBXGroup;
			children = (
				872BC2AB18DE149F0034A3FA /* SimpleColorPickerExample.app */,
				872BC2CC18DE149F0034A3FA /* SimpleColorPickerExampleTests.xctest */,
			);
			name = Products;
			sourceTree = "<group>";
		};
		872BC2AD18DE149F0034A3FA /* Frameworks */ = {
			isa = PBXGroup;
			children = (
				87F9604918DE172C001C640A /* libSimpleColorPicker.a */,
				872BC2AE18DE149F0034A3FA /* Foundation.framework */,
				872BC2B018DE149F0034A3FA /* CoreGraphics.framework */,
				872BC2B218DE149F0034A3FA /* UIKit.framework */,
				872BC2CD18DE149F0034A3FA /* XCTest.framework */,
			);
			name = Frameworks;
			sourceTree = "<group>";
		};
		872BC2B418DE149F0034A3FA /* SimpleColorPickerExample */ = {
			isa = PBXGroup;
			children = (
				872BC2BD18DE149F0034A3FA /* AppDelegate.h */,
				87B9C27B18DE2E0C00018027 /* IDPColorChangeTransition.h */,
				87B9C27518DE2DFA00018027 /* IDPColorChangeTransition.m */,
				87B9C27C18DE2E0C00018027 /* IDPSimpleColorPaletteCell.h */,
				87B9C27618DE2DFA00018027 /* IDPSimpleColorPaletteCell.m */,
				87B9C27D18DE2E0C00018027 /* IDPSimpleColorPaletteController.h */,
				87B9C27718DE2DFA00018027 /* IDPSimpleColorPaletteController.m */,
				872BC2BE18DE149F0034A3FA /* AppDelegate.m */,
				872BC2C018DE149F0034A3FA /* Main.storyboard */,
				872BC2C318DE149F0034A3FA /* ViewController.h */,
				872BC2C418DE149F0034A3FA /* ViewController.m */,
				87F9604B18DE175D001C640A /* nes.plist */,
				87F9604C18DE175D001C640A /* websafecolor216.plist */,
				872BC2C618DE149F0034A3FA /* Images.xcassets */,
				872BC2B518DE149F0034A3FA /* Supporting Files */,
			);
			path = SimpleColorPickerExample;
			sourceTree = "<group>";
		};
		872BC2B518DE149F0034A3FA /* Supporting Files */ = {
			isa = PBXGroup;
			children = (
				872BC2B618DE149F0034A3FA /* SimpleColorPickerExample-Info.plist */,
				872BC2B718DE149F0034A3FA /* InfoPlist.strings */,
				872BC2BA18DE149F0034A3FA /* main.m */,
				872BC2BC18DE149F0034A3FA /* SimpleColorPickerExample-Prefix.pch */,
			);
			name = "Supporting Files";
			sourceTree = "<group>";
		};
		872BC2D318DE149F0034A3FA /* SimpleColorPickerExampleTests */ = {
			isa = PBXGroup;
			children = (
				872BC2D918DE149F0034A3FA /* SimpleColorPickerExampleTests.m */,
				872BC2D418DE149F0034A3FA /* Supporting Files */,
			);
			path = SimpleColorPickerExampleTests;
			sourceTree = "<group>";
		};
		872BC2D418DE149F0034A3FA /* Supporting Files */ = {
			isa = PBXGroup;
			children = (
				872BC2D518DE149F0034A3FA /* SimpleColorPickerExampleTests-Info.plist */,
				872BC2D618DE149F0034A3FA /* InfoPlist.strings */,
			);
			name = "Supporting Files";
			sourceTree = "<group>";
		};
/* End PBXGroup section */

/* Begin PBXNativeTarget section */
		872BC2AA18DE149F0034A3FA /* SimpleColorPickerExample */ = {
			isa = PBXNativeTarget;
			buildConfigurationList = 872BC2DD18DE149F0034A3FA /* Build configuration list for PBXNativeTarget "SimpleColorPickerExample" */;
			buildPhases = (
				872BC2A718DE149F0034A3FA /* Sources */,
				872BC2A818DE149F0034A3FA /* Frameworks */,
				872BC2A918DE149F0034A3FA /* Resources */,
			);
			buildRules = (
			);
			dependencies = (
			);
			name = SimpleColorPickerExample;
			productName = SimpleColorPickerExample;
			productReference = 872BC2AB18DE149F0034A3FA /* SimpleColorPickerExample.app */;
			productType = "com.apple.product-type.application";
		};
		872BC2CB18DE149F0034A3FA /* SimpleColorPickerExampleTests */ = {
			isa = PBXNativeTarget;
			buildConfigurationList = 872BC2E018DE149F0034A3FA /* Build configuration list for PBXNativeTarget "SimpleColorPickerExampleTests" */;
			buildPhases = (
				872BC2C818DE149F0034A3FA /* Sources */,
				872BC2C918DE149F0034A3FA /* Frameworks */,
				872BC2CA18DE149F0034A3FA /* Resources */,
			);
			buildRules = (
			);
			dependencies = (
				872BC2D218DE149F0034A3FA /* PBXTargetDependency */,
			);
			name = SimpleColorPickerExampleTests;
			productName = SimpleColorPickerExampleTests;
			productReference = 872BC2CC18DE149F0034A3FA /* SimpleColorPickerExampleTests.xctest */;
			productType = "com.apple.product-type.bundle.unit-test";
		};
/* End PBXNativeTarget section */

/* Begin PBXProject section */
		872BC2A318DE149F0034A3FA /* Project object */ = {
			isa = PBXProject;
			attributes = {
				LastUpgradeCheck = 0510;
				ORGANIZATIONNAME = "Irimasu Densan Planning";
				TargetAttributes = {
					872BC2CB18DE149F0034A3FA = {
						TestTargetID = 872BC2AA18DE149F0034A3FA;
					};
				};
			};
			buildConfigurationList = 872BC2A618DE149F0034A3FA /* Build configuration list for PBXProject "SimpleColorPickerExample" */;
			compatibilityVersion = "Xcode 3.2";
			developmentRegion = English;
			hasScannedForEncodings = 0;
			knownRegions = (
				en,
				Base,
			);
			mainGroup = 872BC2A218DE149F0034A3FA;
			productRefGroup = 872BC2AC18DE149F0034A3FA /* Products */;
			projectDirPath = "";
			projectRoot = "";
			targets = (
				872BC2AA18DE149F0034A3FA /* SimpleColorPickerExample */,
				872BC2CB18DE149F0034A3FA /* SimpleColorPickerExampleTests */,
			);
		};
/* End PBXProject section */

/* Begin PBXResourcesBuildPhase section */
		872BC2A918DE149F0034A3FA /* Resources */ = {
			isa = PBXResourcesBuildPhase;
			buildActionMask = 2147483647;
			files = (
				872BC2C718DE149F0034A3FA /* Images.xcassets in Resources */,
				87F9604D18DE175D001C640A /* nes.plist in Resources */,
				87F9604E18DE175D001C640A /* websafecolor216.plist in Resources */,
				872BC2B918DE149F0034A3FA /* InfoPlist.strings in Resources */,
				872BC2C218DE149F0034A3FA /* Main.storyboard in Resources */,
			);
			runOnlyForDeploymentPostprocessing = 0;
		};
		872BC2CA18DE149F0034A3FA /* Resources */ = {
			isa = PBXResourcesBuildPhase;
			buildActionMask = 2147483647;
			files = (
				872BC2D818DE149F0034A3FA /* InfoPlist.strings in Resources */,
			);
			runOnlyForDeploymentPostprocessing = 0;
		};
/* End PBXResourcesBuildPhase section */

/* Begin PBXSourcesBuildPhase section */
		872BC2A718DE149F0034A3FA /* Sources */ = {
			isa = PBXSourcesBuildPhase;
			buildActionMask = 2147483647;
			files = (
				872BC2C518DE149F0034A3FA /* ViewController.m in Sources */,
				87B9C27918DE2DFA00018027 /* IDPSimpleColorPaletteCell.m in Sources */,
				872BC2BF18DE149F0034A3FA /* AppDelegate.m in Sources */,
				87B9C27A18DE2DFA00018027 /* IDPSimpleColorPaletteController.m in Sources */,
				87B9C27818DE2DFA00018027 /* IDPColorChangeTransition.m in Sources */,
				872BC2BB18DE149F0034A3FA /* main.m in Sources */,
			);
			runOnlyForDeploymentPostprocessing = 0;
		};
		872BC2C818DE149F0034A3FA /* Sources */ = {
			isa = PBXSourcesBuildPhase;
			buildActionMask = 2147483647;
			files = (
				872BC2DA18DE149F0034A3FA /* SimpleColorPickerExampleTests.m in Sources */,
			);
			runOnlyForDeploymentPostprocessing = 0;
		};
/* End PBXSourcesBuildPhase section */

/* Begin PBXTargetDependency section */
		872BC2D218DE149F0034A3FA /* PBXTargetDependency */ = {
			isa = PBXTargetDependency;
			target = 872BC2AA18DE149F0034A3FA /* SimpleColorPickerExample */;
			targetProxy = 872BC2D118DE149F0034A3FA /* PBXContainerItemProxy */;
		};
/* End PBXTargetDependency section */

/* Begin PBXVariantGroup section */
		872BC2B718DE149F0034A3FA /* InfoPlist.strings */ = {
			isa = PBXVariantGroup;
			children = (
				872BC2B818DE149F0034A3FA /* en */,
			);
			name = InfoPlist.strings;
			sourceTree = "<group>";
		};
		872BC2C018DE149F0034A3FA /* Main.storyboard */ = {
			isa = PBXVariantGroup;
			children = (
				872BC2C118DE149F0034A3FA /* Base */,
			);
			name = Main.storyboard;
			sourceTree = "<group>";
		};
		872BC2D618DE149F0034A3FA /* InfoPlist.strings */ = {
			isa = PBXVariantGroup;
			children = (
				872BC2D718DE149F0034A3FA /* en */,
			);
			name = InfoPlist.strings;
			sourceTree = "<group>";
		};
/* End PBXVariantGroup section */

/* Begin XCBuildConfiguration section */
		872BC2DB18DE149F0034A3FA /* Debug */ = {
			isa = XCBuildConfiguration;
			buildSettings = {
				ALWAYS_SEARCH_USER_PATHS = NO;
				CLANG_CXX_LANGUAGE_STANDARD = "gnu++0x";
				CLANG_CXX_LIBRARY = "libc++";
				CLANG_ENABLE_MODULES = YES;
				CLANG_ENABLE_OBJC_ARC = YES;
				CLANG_WARN_BOOL_CONVERSION = YES;
				CLANG_WARN_CONSTANT_CONVERSION = YES;
				CLANG_WARN_DIRECT_OBJC_ISA_USAGE = YES_ERROR;
				CLANG_WARN_EMPTY_BODY = YES;
				CLANG_WARN_ENUM_CONVERSION = YES;
				CLANG_WARN_INT_CONVERSION = YES;
				CLANG_WARN_OBJC_ROOT_CLASS = YES_ERROR;
				CLANG_WARN__DUPLICATE_METHOD_MATCH = YES;
				"CODE_SIGN_IDENTITY[sdk=iphoneos*]" = "iPhone Developer";
				COPY_PHASE_STRIP = NO;
				GCC_C_LANGUAGE_STANDARD = gnu99;
				GCC_DYNAMIC_NO_PIC = NO;
				GCC_OPTIMIZATION_LEVEL = 0;
				GCC_PREPROCESSOR_DEFINITIONS = (
					"DEBUG=1",
					"$(inherited)",
				);
				GCC_SYMBOLS_PRIVATE_EXTERN = NO;
				GCC_WARN_64_TO_32_BIT_CONVERSION = YES;
				GCC_WARN_ABOUT_RETURN_TYPE = YES_ERROR;
				GCC_WARN_UNDECLARED_SELECTOR = YES;
				GCC_WARN_UNINITIALIZED_AUTOS = YES_AGGRESSIVE;
				GCC_WARN_UNUSED_FUNCTION = YES;
				GCC_WARN_UNUSED_VARIABLE = YES;
				IPHONEOS_DEPLOYMENT_TARGET = 7.1;
				ONLY_ACTIVE_ARCH = YES;
				SDKROOT = iphoneos;
			};
			name = Debug;
		};
		872BC2DC18DE149F0034A3FA /* Release */ = {
			isa = XCBuildConfiguration;
			buildSettings = {
				ALWAYS_SEARCH_USER_PATHS = NO;
				CLANG_CXX_LANGUAGE_STANDARD = "gnu++0x";
				CLANG_CXX_LIBRARY = "libc++";
				CLANG_ENABLE_MODULES = YES;
				CLANG_ENABLE_OBJC_ARC = YES;
				CLANG_WARN_BOOL_CONVERSION = YES;
				CLANG_WARN_CONSTANT_CONVERSION = YES;
				CLANG_WARN_DIRECT_OBJC_ISA_USAGE = YES_ERROR;
				CLANG_WARN_EMPTY_BODY = YES;
				CLANG_WARN_ENUM_CONVERSION = YES;
				CLANG_WARN_INT_CONVERSION = YES;
				CLANG_WARN_OBJC_ROOT_CLASS = YES_ERROR;
				CLANG_WARN__DUPLICATE_METHOD_MATCH = YES;
				"CODE_SIGN_IDENTITY[sdk=iphoneos*]" = "iPhone Developer";
				COPY_PHASE_STRIP = YES;
				ENABLE_NS_ASSERTIONS = NO;
				GCC_C_LANGUAGE_STANDARD = gnu99;
				GCC_WARN_64_TO_32_BIT_CONVERSION = YES;
				GCC_WARN_ABOUT_RETURN_TYPE = YES_ERROR;
				GCC_WARN_UNDECLARED_SELECTOR = YES;
				GCC_WARN_UNINITIALIZED_AUTOS = YES_AGGRESSIVE;
				GCC_WARN_UNUSED_FUNCTION = YES;
				GCC_WARN_UNUSED_VARIABLE = YES;
				IPHONEOS_DEPLOYMENT_TARGET = 7.1;
				SDKROOT = iphoneos;
				VALIDATE_PRODUCT = YES;
			};
			name = Release;
		};
		872BC2DE18DE149F0034A3FA /* Debug */ = {
			isa = XCBuildConfiguration;
			buildSettings = {
				ASSETCATALOG_COMPILER_APPICON_NAME = AppIcon;
				ASSETCATALOG_COMPILER_LAUNCHIMAGE_NAME = LaunchImage;
				GCC_PRECOMPILE_PREFIX_HEADER = YES;
				GCC_PREFIX_HEADER = "SimpleColorPickerExample/SimpleColorPickerExample-Prefix.pch";
				INFOPLIST_FILE = "SimpleColorPickerExample/SimpleColorPickerExample-Info.plist";
				LIBRARY_SEARCH_PATHS = (
					"$(inherited)",
					"$(USER_LIBRARY_DIR)/Developer/Xcode/DerivedData/SimpleColorPicker-ddqxkxukxjwfgvejtaoammvwdqsk/Build/Products/Debug-iphoneos",
				);
				PRODUCT_NAME = "$(TARGET_NAME)";
				USER_HEADER_SEARCH_PATHS = "$(BUILT_PRODUCTS_DIR)/**";
				WRAPPER_EXTENSION = app;
			};
			name = Debug;
		};
		872BC2DF18DE149F0034A3FA /* Release */ = {
			isa = XCBuildConfiguration;
			buildSettings = {
				ASSETCATALOG_COMPILER_APPICON_NAME = AppIcon;
				ASSETCATALOG_COMPILER_LAUNCHIMAGE_NAME = LaunchImage;
				GCC_PRECOMPILE_PREFIX_HEADER = YES;
				GCC_PREFIX_HEADER = "SimpleColorPickerExample/SimpleColorPickerExample-Prefix.pch";
				INFOPLIST_FILE = "SimpleColorPickerExample/SimpleColorPickerExample-Info.plist";
				LIBRARY_SEARCH_PATHS = (
					"$(inherited)",
					"$(USER_LIBRARY_DIR)/Developer/Xcode/DerivedData/SimpleColorPicker-ddqxkxukxjwfgvejtaoammvwdqsk/Build/Products/Debug-iphoneos",
				);
				PRODUCT_NAME = "$(TARGET_NAME)";
				USER_HEADER_SEARCH_PATHS = "$(BUILT_PRODUCTS_DIR)/**";
				WRAPPER_EXTENSION = app;
			};
			name = Release;
		};
		872BC2E118DE149F0034A3FA /* Debug */ = {
			isa = XCBuildConfiguration;
			buildSettings = {
				BUNDLE_LOADER = "$(BUILT_PRODUCTS_DIR)/SimpleColorPickerExample.app/SimpleColorPickerExample";
				FRAMEWORK_SEARCH_PATHS = (
					"$(SDKROOT)/Developer/Library/Frameworks",
					"$(inherited)",
					"$(DEVELOPER_FRAMEWORKS_DIR)",
				);
				GCC_PRECOMPILE_PREFIX_HEADER = YES;
				GCC_PREFIX_HEADER = "SimpleColorPickerExample/SimpleColorPickerExample-Prefix.pch";
				GCC_PREPROCESSOR_DEFINITIONS = (
					"DEBUG=1",
					"$(inherited)",
				);
				INFOPLIST_FILE = "SimpleColorPickerExampleTests/SimpleColorPickerExampleTests-Info.plist";
				PRODUCT_NAME = "$(TARGET_NAME)";
				TEST_HOST = "$(BUNDLE_LOADER)";
				WRAPPER_EXTENSION = xctest;
			};
			name = Debug;
		};
		872BC2E218DE149F0034A3FA /* Release */ = {
			isa = XCBuildConfiguration;
			buildSettings = {
				BUNDLE_LOADER = "$(BUILT_PRODUCTS_DIR)/SimpleColorPickerExample.app/SimpleColorPickerExample";
				FRAMEWORK_SEARCH_PATHS = (
					"$(SDKROOT)/Developer/Library/Frameworks",
					"$(inherited)",
					"$(DEVELOPER_FRAMEWORKS_DIR)",
				);
				GCC_PRECOMPILE_PREFIX_HEADER = YES;
				GCC_PREFIX_HEADER = "SimpleColorPickerExample/SimpleColorPickerExample-Prefix.pch";
				INFOPLIST_FILE = "SimpleColorPickerExampleTests/SimpleColorPickerExampleTests-Info.plist";
				PRODUCT_NAME = "$(TARGET_NAME)";
				TEST_HOST = "$(BUNDLE_LOADER)";
				WRAPPER_EXTENSION = xctest;
			};
			name = Release;
		};
/* End XCBuildConfiguration section */

/* Begin XCConfigurationList section */
		872BC2A618DE149F0034A3FA /* Build configuration list for PBXProject "SimpleColorPickerExample" */ = {
			isa = XCConfigurationList;
			buildConfigurations = (
				872BC2DB18DE149F0034A3FA /* Debug */,
				872BC2DC18DE149F0034A3FA /* Release */,
			);
			defaultConfigurationIsVisible = 0;
			defaultConfigurationName = Release;
		};
		872BC2DD18DE149F0034A3FA /* Build configuration list for PBXNativeTarget "SimpleColorPickerExample" */ = {
			isa = XCConfigurationList;
			buildConfigurations = (
				872BC2DE18DE149F0034A3FA /* Debug */,
				872BC2DF18DE149F0034A3FA /* Release */,
			);
			defaultConfigurationIsVisible = 0;
			defaultConfigurationName = Release;
		};
		872BC2E018DE149F0034A3FA /* Build configuration list for PBXNativeTarget "SimpleColorPickerExampleTests" */ = {
			isa = XCConfigurationList;
			buildConfigurations = (
				872BC2E118DE149F0034A3FA /* Debug */,
				872BC2E218DE149F0034A3FA /* Release */,
			);
			defaultConfigurationIsVisible = 0;
			defaultConfigurationName = Release;
		};
/* End XCConfigurationList section */
	};
	rootObject = 872BC2A318DE149F0034A3FA /* Project object */;
}
