// !$*UTF8*$!
{
	archiveVersion = 1;
	classes = {
	};
	objectVersion = 46;
	objects = {

/* Begin PBXBuildFile section */
		87795F8E18DDF7DD0075438B /* Foundation.framework in Frameworks */ = {isa = PBXBuildFile; fileRef = 87795F8D18DDF7DD0075438B /* Foundation.framework */; };
		87795F9318DDF7DD0075438B /* TestLibrary.h in CopyFiles */ = {isa = PBXBuildFile; fileRef = 87795F9218DDF7DD0075438B /* TestLibrary.h */; };
		87795F9518DDF7DD0075438B /* TestLibrary.m in Sources */ = {isa = PBXBuildFile; fileRef = 87795F9418DDF7DD0075438B /* TestLibrary.m */; };
		87795F9C18DDF7DD0075438B /* XCTest.framework in Frameworks */ = {isa = PBXBuildFile; fileRef = 87795F9B18DDF7DD0075438B /* XCTest.framework */; };
		87795F9D18DDF7DD0075438B /* Foundation.framework in Frameworks */ = {isa = PBXBuildFile; fileRef = 87795F8D18DDF7DD0075438B /* Foundation.framework */; };
		87795F9F18DDF7DD0075438B /* UIKit.framework in Frameworks */ = {isa = PBXBuildFile; fileRef = 87795F9E18DDF7DD0075438B /* UIKit.framework */; };
		87795FA218DDF7DD0075438B /* libTestLibrary.a in Frameworks */ = {isa = PBXBuildFile; fileRef = 87795F8A18DDF7DD0075438B /* libTestLibrary.a */; };
		87795FA818DDF7DD0075438B /* InfoPlist.strings in Resources */ = {isa = PBXBuildFile; fileRef = 87795FA618DDF7DD0075438B /* InfoPlist.strings */; };
		87795FAA18DDF7DD0075438B /* TestLibraryTests.m in Sources */ = {isa = PBXBuildFile; fileRef = 87795FA918DDF7DD0075438B /* TestLibraryTests.m */; };
/* End PBXBuildFile section */

/* Begin PBXContainerItemProxy section */
		87795FA018DDF7DD0075438B /* PBXContainerItemProxy */ = {
			isa = PBXContainerItemProxy;
			containerPortal = 87795F8218DDF7DD0075438B /* Project object */;
			proxyType = 1;
			remoteGlobalIDString = 87795F8918DDF7DD0075438B;
			remoteInfo = TestLibrary;
		};
/* End PBXContainerItemProxy section */

/* Begin PBXCopyFilesBuildPhase section */
		87795F8818DDF7DD0075438B /* CopyFiles */ = {
			isa = PBXCopyFilesBuildPhase;
			buildActionMask = 2147483647;
			dstPath = "include/$(PRODUCT_NAME)";
			dstSubfolderSpec = 16;
			files = (
				87795F9318DDF7DD0075438B /* TestLibrary.h in CopyFiles */,
			);
			runOnlyForDeploymentPostprocessing = 0;
		};
/* End PBXCopyFilesBuildPhase section */

/* Begin PBXFileReference section */
		87795F8A18DDF7DD0075438B /* libTestLibrary.a */ = {isa = PBXFileReference; explicitFileType = archive.ar; includeInIndex = 0; path = libTestLibrary.a; sourceTree = BUILT_PRODUCTS_DIR; };
		87795F8D18DDF7DD0075438B /* Foundation.framework */ = {isa = PBXFileReference; lastKnownFileType = wrapper.framework; name = Foundation.framework; path = System/Library/Frameworks/Foundation.framework; sourceTree = SDKROOT; };
		87795F9118DDF7DD0075438B /* TestLibrary-Prefix.pch */ = {isa = PBXFileReference; lastKnownFileType = sourcecode.c.h; path = "TestLibrary-Prefix.pch"; sourceTree = "<group>"; };
		87795F9218DDF7DD0075438B /* TestLibrary.h */ = {isa = PBXFileReference; lastKnownFileType = sourcecode.c.h; path = TestLibrary.h; sourceTree = "<group>"; };
		87795F9418DDF7DD0075438B /* TestLibrary.m */ = {isa = PBXFileReference; lastKnownFileType = sourcecode.c.objc; path = TestLibrary.m; sourceTree = "<group>"; };
		87795F9A18DDF7DD0075438B /* TestLibraryTests.xctest */ = {isa = PBXFileReference; explicitFileType = wrapper.cfbundle; includeInIndex = 0; path = TestLibraryTests.xctest; sourceTree = BUILT_PRODUCTS_DIR; };
		87795F9B18DDF7DD0075438B /* XCTest.framework */ = {isa = PBXFileReference; lastKnownFileType = wrapper.framework; name = XCTest.framework; path = Library/Frameworks/XCTest.framework; sourceTree = DEVELOPER_DIR; };
		87795F9E18DDF7DD0075438B /* UIKit.framework */ = {isa = PBXFileReference; lastKnownFileType = wrapper.framework; name = UIKit.framework; path = Library/Frameworks/UIKit.framework; sourceTree = DEVELOPER_DIR; };
		87795FA518DDF7DD0075438B /* TestLibraryTests-Info.plist */ = {isa = PBXFileReference; lastKnownFileType = text.plist.xml; path = "TestLibraryTests-Info.plist"; sourceTree = "<group>"; };
		87795FA718DDF7DD0075438B /* en */ = {isa = PBXFileReference; lastKnownFileType = text.plist.strings; name = en; path = en.lproj/InfoPlist.strings; sourceTree = "<group>"; };
		87795FA918DDF7DD0075438B /* TestLibraryTests.m */ = {isa = PBXFileReference; lastKnownFileType = sourcecode.c.objc; path = TestLibraryTests.m; sourceTree = "<group>"; };
/* End PBXFileReference section */

/* Begin PBXFrameworksBuildPhase section */
		87795F8718DDF7DD0075438B /* Frameworks */ = {
			isa = PBXFrameworksBuildPhase;
			buildActionMask = 2147483647;
			files = (
				87795F8E18DDF7DD0075438B /* Foundation.framework in Frameworks */,
			);
			runOnlyForDeploymentPostprocessing = 0;
		};
		87795F9718DDF7DD0075438B /* Frameworks */ = {
			isa = PBXFrameworksBuildPhase;
			buildActionMask = 2147483647;
			files = (
				87795F9C18DDF7DD0075438B /* XCTest.framework in Frameworks */,
				87795F9F18DDF7DD0075438B /* UIKit.framework in Frameworks */,
				87795F9D18DDF7DD0075438B /* Foundation.framework in Frameworks */,
				87795FA218DDF7DD0075438B /* libTestLibrary.a in Frameworks */,
			);
			runOnlyForDeploymentPostprocessing = 0;
		};
/* End PBXFrameworksBuildPhase section */

/* Begin PBXGroup section */
		87795F8118DDF7DD0075438B = {
			isa = PBXGroup;
			children = (
				87795F8F18DDF7DD0075438B /* TestLibrary */,
				87795FA318DDF7DD0075438B /* TestLibraryTests */,
				87795F8C18DDF7DD0075438B /* Frameworks */,
				87795F8B18DDF7DD0075438B /* Products */,
			);
			sourceTree = "<group>";
		};
		87795F8B18DDF7DD0075438B /* Products */ = {
			isa = PBXGroup;
			children = (
				87795F8A18DDF7DD0075438B /* libTestLibrary.a */,
				87795F9A18DDF7DD0075438B /* TestLibraryTests.xctest */,
			);
			name = Products;
			sourceTree = "<group>";
		};
		87795F8C18DDF7DD0075438B /* Frameworks */ = {
			isa = PBXGroup;
			children = (
				87795F8D18DDF7DD0075438B /* Foundation.framework */,
				87795F9B18DDF7DD0075438B /* XCTest.framework */,
				87795F9E18DDF7DD0075438B /* UIKit.framework */,
			);
			name = Frameworks;
			sourceTree = "<group>";
		};
		87795F8F18DDF7DD0075438B /* TestLibrary */ = {
			isa = PBXGroup;
			children = (
				87795F9218DDF7DD0075438B /* TestLibrary.h */,
				87795F9418DDF7DD0075438B /* TestLibrary.m */,
				87795F9018DDF7DD0075438B /* Supporting Files */,
			);
			path = TestLibrary;
			sourceTree = "<group>";
		};
		87795F9018DDF7DD0075438B /* Supporting Files */ = {
			isa = PBXGroup;
			children = (
				87795F9118DDF7DD0075438B /* TestLibrary-Prefix.pch */,
			);
			name = "Supporting Files";
			sourceTree = "<group>";
		};
		87795FA318DDF7DD0075438B /* TestLibraryTests */ = {
			isa = PBXGroup;
			children = (
				87795FA918DDF7DD0075438B /* TestLibraryTests.m */,
				87795FA418DDF7DD0075438B /* Supporting Files */,
			);
			path = TestLibraryTests;
			sourceTree = "<group>";
		};
		87795FA418DDF7DD0075438B /* Supporting Files */ = {
			isa = PBXGroup;
			children = (
				87795FA518DDF7DD0075438B /* TestLibraryTests-Info.plist */,
				87795FA618DDF7DD0075438B /* InfoPlist.strings */,
			);
			name = "Supporting Files";
			sourceTree = "<group>";
		};
/* End PBXGroup section */

/* Begin PBXNativeTarget section */
		87795F8918DDF7DD0075438B /* TestLibrary */ = {
			isa = PBXNativeTarget;
			buildConfigurationList = 87795FAD18DDF7DD0075438B /* Build configuration list for PBXNativeTarget "TestLibrary" */;
			buildPhases = (
				87795F8618DDF7DD0075438B /* Sources */,
				87795F8718DDF7DD0075438B /* Frameworks */,
				87795F8818DDF7DD0075438B /* CopyFiles */,
			);
			buildRules = (
			);
			dependencies = (
			);
			name = TestLibrary;
			productName = TestLibrary;
			productReference = 87795F8A18DDF7DD0075438B /* libTestLibrary.a */;
			productType = "com.apple.product-type.library.static";
		};
		87795F9918DDF7DD0075438B /* TestLibraryTests */ = {
			isa = PBXNativeTarget;
			buildConfigurationList = 87795FB018DDF7DD0075438B /* Build configuration list for PBXNativeTarget "TestLibraryTests" */;
			buildPhases = (
				87795F9618DDF7DD0075438B /* Sources */,
				87795F9718DDF7DD0075438B /* Frameworks */,
				87795F9818DDF7DD0075438B /* Resources */,
			);
			buildRules = (
			);
			dependencies = (
				87795FA118DDF7DD0075438B /* PBXTargetDependency */,
			);
			name = TestLibraryTests;
			productName = TestLibraryTests;
			productReference = 87795F9A18DDF7DD0075438B /* TestLibraryTests.xctest */;
			productType = "com.apple.product-type.bundle.unit-test";
		};
/* End PBXNativeTarget section */

/* Begin PBXProject section */
		87795F8218DDF7DD0075438B /* Project object */ = {
			isa = PBXProject;
			attributes = {
				LastUpgradeCheck = 0510;
				ORGANIZATIONNAME = "Irimasu Densan Planning";
			};
			buildConfigurationList = 87795F8518DDF7DD0075438B /* Build configuration list for PBXProject "TestLibrary" */;
			compatibilityVersion = "Xcode 3.2";
			developmentRegion = English;
			hasScannedForEncodings = 0;
			knownRegions = (
				en,
			);
			mainGroup = 87795F8118DDF7DD0075438B;
			productRefGroup = 87795F8B18DDF7DD0075438B /* Products */;
			projectDirPath = "";
			projectRoot = "";
			targets = (
				87795F8918DDF7DD0075438B /* TestLibrary */,
				87795F9918DDF7DD0075438B /* TestLibraryTests */,
			);
		};
/* End PBXProject section */

/* Begin PBXResourcesBuildPhase section */
		87795F9818DDF7DD0075438B /* Resources */ = {
			isa = PBXResourcesBuildPhase;
			buildActionMask = 2147483647;
			files = (
				87795FA818DDF7DD0075438B /* InfoPlist.strings in Resources */,
			);
			runOnlyForDeploymentPostprocessing = 0;
		};
/* End PBXResourcesBuildPhase section */

/* Begin PBXSourcesBuildPhase section */
		87795F8618DDF7DD0075438B /* Sources */ = {
			isa = PBXSourcesBuildPhase;
			buildActionMask = 2147483647;
			files = (
				87795F9518DDF7DD0075438B /* TestLibrary.m in Sources */,
			);
			runOnlyForDeploymentPostprocessing = 0;
		};
		87795F9618DDF7DD0075438B /* Sources */ = {
			isa = PBXSourcesBuildPhase;
			buildActionMask = 2147483647;
			files = (
				87795FAA18DDF7DD0075438B /* TestLibraryTests.m in Sources */,
			);
			runOnlyForDeploymentPostprocessing = 0;
		};
/* End PBXSourcesBuildPhase section */

/* Begin PBXTargetDependency section */
		87795FA118DDF7DD0075438B /* PBXTargetDependency */ = {
			isa = PBXTargetDependency;
			target = 87795F8918DDF7DD0075438B /* TestLibrary */;
			targetProxy = 87795FA018DDF7DD0075438B /* PBXContainerItemProxy */;
		};
/* End PBXTargetDependency section */

/* Begin PBXVariantGroup section */
		87795FA618DDF7DD0075438B /* InfoPlist.strings */ = {
			isa = PBXVariantGroup;
			children = (
				87795FA718DDF7DD0075438B /* en */,
			);
			name = InfoPlist.strings;
			sourceTree = "<group>";
		};
/* End PBXVariantGroup section */

/* Begin XCBuildConfiguration section */
		87795FAB18DDF7DD0075438B /* Debug */ = {
			isa = XCBuildConfiguration;
			buildSettings = {
				ALWAYS_SEARCH_USER_PATHS = NO;
				CLANG_CXX_LANGUAGE_STANDARD = "gnu++0x";
				CLANG_CXX_LIBRARY = "libc++";
				CLANG_ENABLE_MODULES = YES;
				CLANG_ENABLE_OBJC_ARC = YES;
				CLANG_WARN_BOOL_CONVERSION = YES;
				CLANG_WARN_CONSTANT_CONVERSION = YES;
				CLANG_WARN_DIRECT_OBJC_ISA_USAGE = YES_ERROR;
				CLANG_WARN_EMPTY_BODY = YES;
				CLANG_WARN_ENUM_CONVERSION = YES;
				CLANG_WARN_INT_CONVERSION = YES;
				CLANG_WARN_OBJC_ROOT_CLASS = YES_ERROR;
				CLANG_WARN__DUPLICATE_METHOD_MATCH = YES;
				COPY_PHASE_STRIP = NO;
				GCC_C_LANGUAGE_STANDARD = gnu99;
				GCC_DYNAMIC_NO_PIC = NO;
				GCC_OPTIMIZATION_LEVEL = 0;
				GCC_PREPROCESSOR_DEFINITIONS = (
					"DEBUG=1",
					"$(inherited)",
				);
				GCC_SYMBOLS_PRIVATE_EXTERN = NO;
				GCC_WARN_64_TO_32_BIT_CONVERSION = YES;
				GCC_WARN_ABOUT_RETURN_TYPE = YES_ERROR;
				GCC_WARN_UNDECLARED_SELECTOR = YES;
				GCC_WARN_UNINITIALIZED_AUTOS = YES_AGGRESSIVE;
				GCC_WARN_UNUSED_FUNCTION = YES;
				GCC_WARN_UNUSED_VARIABLE = YES;
				IPHONEOS_DEPLOYMENT_TARGET = 7.1;
				ONLY_ACTIVE_ARCH = YES;
				SDKROOT = iphoneos;
			};
			name = Debug;
		};
		87795FAC18DDF7DD0075438B /* Release */ = {
			isa = XCBuildConfiguration;
			buildSettings = {
				ALWAYS_SEARCH_USER_PATHS = NO;
				CLANG_CXX_LANGUAGE_STANDARD = "gnu++0x";
				CLANG_CXX_LIBRARY = "libc++";
				CLANG_ENABLE_MODULES = YES;
				CLANG_ENABLE_OBJC_ARC = YES;
				CLANG_WARN_BOOL_CONVERSION = YES;
				CLANG_WARN_CONSTANT_CONVERSION = YES;
				CLANG_WARN_DIRECT_OBJC_ISA_USAGE = YES_ERROR;
				CLANG_WARN_EMPTY_BODY = YES;
				CLANG_WARN_ENUM_CONVERSION = YES;
				CLANG_WARN_INT_CONVERSION = YES;
				CLANG_WARN_OBJC_ROOT_CLASS = YES_ERROR;
				CLANG_WARN__DUPLICATE_METHOD_MATCH = YES;
				COPY_PHASE_STRIP = YES;
				ENABLE_NS_ASSERTIONS = NO;
				GCC_C_LANGUAGE_STANDARD = gnu99;
				GCC_WARN_64_TO_32_BIT_CONVERSION = YES;
				GCC_WARN_ABOUT_RETURN_TYPE = YES_ERROR;
				GCC_WARN_UNDECLARED_SELECTOR = YES;
				GCC_WARN_UNINITIALIZED_AUTOS = YES_AGGRESSIVE;
				GCC_WARN_UNUSED_FUNCTION = YES;
				GCC_WARN_UNUSED_VARIABLE = YES;
				IPHONEOS_DEPLOYMENT_TARGET = 7.1;
				SDKROOT = iphoneos;
				VALIDATE_PRODUCT = YES;
			};
			name = Release;
		};
		87795FAE18DDF7DD0075438B /* Debug */ = {
			isa = XCBuildConfiguration;
			buildSettings = {
				DSTROOT = /tmp/TestLibrary.dst;
				GCC_PRECOMPILE_PREFIX_HEADER = YES;
				GCC_PREFIX_HEADER = "TestLibrary/TestLibrary-Prefix.pch";
				OTHER_LDFLAGS = "-ObjC";
				PRODUCT_NAME = "$(TARGET_NAME)";
				SKIP_INSTALL = YES;
			};
			name = Debug;
		};
		87795FAF18DDF7DD0075438B /* Release */ = {
			isa = XCBuildConfiguration;
			buildSettings = {
				DSTROOT = /tmp/TestLibrary.dst;
				GCC_PRECOMPILE_PREFIX_HEADER = YES;
				GCC_PREFIX_HEADER = "TestLibrary/TestLibrary-Prefix.pch";
				OTHER_LDFLAGS = "-ObjC";
				PRODUCT_NAME = "$(TARGET_NAME)";
				SKIP_INSTALL = YES;
			};
			name = Release;
		};
		87795FB118DDF7DD0075438B /* Debug */ = {
			isa = XCBuildConfiguration;
			buildSettings = {
				FRAMEWORK_SEARCH_PATHS = (
					"$(SDKROOT)/Developer/Library/Frameworks",
					"$(inherited)",
					"$(DEVELOPER_FRAMEWORKS_DIR)",
				);
				GCC_PRECOMPILE_PREFIX_HEADER = YES;
				GCC_PREFIX_HEADER = "TestLibrary/TestLibrary-Prefix.pch";
				GCC_PREPROCESSOR_DEFINITIONS = (
					"DEBUG=1",
					"$(inherited)",
				);
				INFOPLIST_FILE = "TestLibraryTests/TestLibraryTests-Info.plist";
				PRODUCT_NAME = "$(TARGET_NAME)";
				WRAPPER_EXTENSION = xctest;
			};
			name = Debug;
		};
		87795FB218DDF7DD0075438B /* Release */ = {
			isa = XCBuildConfiguration;
			buildSettings = {
				FRAMEWORK_SEARCH_PATHS = (
					"$(SDKROOT)/Developer/Library/Frameworks",
					"$(inherited)",
					"$(DEVELOPER_FRAMEWORKS_DIR)",
				);
				GCC_PRECOMPILE_PREFIX_HEADER = YES;
				GCC_PREFIX_HEADER = "TestLibrary/TestLibrary-Prefix.pch";
				INFOPLIST_FILE = "TestLibraryTests/TestLibraryTests-Info.plist";
				PRODUCT_NAME = "$(TARGET_NAME)";
				WRAPPER_EXTENSION = xctest;
			};
			name = Release;
		};
/* End XCBuildConfiguration section */

/* Begin XCConfigurationList section */
		87795F8518DDF7DD0075438B /* Build configuration list for PBXProject "TestLibrary" */ = {
			isa = XCConfigurationList;
			buildConfigurations = (
				87795FAB18DDF7DD0075438B /* Debug */,
				87795FAC18DDF7DD0075438B /* Release */,
			);
			defaultConfigurationIsVisible = 0;
			defaultConfigurationName = Release;
		};
		87795FAD18DDF7DD0075438B /* Build configuration list for PBXNativeTarget "TestLibrary" */ = {
			isa = XCConfigurationList;
			buildConfigurations = (
				87795FAE18DDF7DD0075438B /* Debug */,
				87795FAF18DDF7DD0075438B /* Release */,
			);
			defaultConfigurationIsVisible = 0;
		};
		87795FB018DDF7DD0075438B /* Build configuration list for PBXNativeTarget "TestLibraryTests" */ = {
			isa = XCConfigurationList;
			buildConfigurations = (
				87795FB118DDF7DD0075438B /* Debug */,
				87795FB218DDF7DD0075438B /* Release */,
			);
			defaultConfigurationIsVisible = 0;
		};
/* End XCConfigurationList section */
	};
	rootObject = 87795F8218DDF7DD0075438B /* Project object */;
}
